// !$*UTF8*$!
{
	archiveVersion = 1;
	classes = {
	};
	objectVersion = 46;
	objects = {

/* Begin PBXBuildFile section */
		CC7046D51F995ED90083941A /* AppDelegate.swift in Sources */ = {isa = PBXBuildFile; fileRef = CC7046D41F995ED90083941A /* AppDelegate.swift */; };
		CC7046DA1F995ED90083941A /* Main.storyboard in Resources */ = {isa = PBXBuildFile; fileRef = CC7046D81F995ED90083941A /* Main.storyboard */; };
		CC7046DC1F995ED90083941A /* Assets.xcassets in Resources */ = {isa = PBXBuildFile; fileRef = CC7046DB1F995ED90083941A /* Assets.xcassets */; };
		CC7046DF1F995ED90083941A /* LaunchScreen.storyboard in Resources */ = {isa = PBXBuildFile; fileRef = CC7046DD1F995ED90083941A /* LaunchScreen.storyboard */; };
		CC7046EA1F995ED90083941A /* ColorsTests.swift in Sources */ = {isa = PBXBuildFile; fileRef = CC7046E91F995ED90083941A /* ColorsTests.swift */; };
		CC7046F51F995ED90083941A /* ColorsUITests.swift in Sources */ = {isa = PBXBuildFile; fileRef = CC7046F41F995ED90083941A /* ColorsUITests.swift */; };
		CC7047031F9AB6D90083941A /* ColorsViewController.swift in Sources */ = {isa = PBXBuildFile; fileRef = CC7047021F9AB6D90083941A /* ColorsViewController.swift */; };
		CC7047071FA3F1D20083941A /* Color.swift in Sources */ = {isa = PBXBuildFile; fileRef = CC7047061FA3F1D20083941A /* Color.swift */; };
/* End PBXBuildFile section */

/* Begin PBXContainerItemProxy section */
		CC7046E61F995ED90083941A /* PBXContainerItemProxy */ = {
			isa = PBXContainerItemProxy;
			containerPortal = CC7046C91F995ED90083941A /* Project object */;
			proxyType = 1;
			remoteGlobalIDString = CC7046D01F995ED90083941A;
			remoteInfo = Colors;
		};
		CC7046F11F995ED90083941A /* PBXContainerItemProxy */ = {
			isa = PBXContainerItemProxy;
			containerPortal = CC7046C91F995ED90083941A /* Project object */;
			proxyType = 1;
			remoteGlobalIDString = CC7046D01F995ED90083941A;
			remoteInfo = Colors;
		};
/* End PBXContainerItemProxy section */

/* Begin PBXFileReference section */
		CC7046D11F995ED90083941A /* ColorsWithNavigation.app */ = {isa = PBXFileReference; explicitFileType = wrapper.application; includeInIndex = 0; path = ColorsWithNavigation.app; sourceTree = BUILT_PRODUCTS_DIR; };
		CC7046D41F995ED90083941A /* AppDelegate.swift */ = {isa = PBXFileReference; lastKnownFileType = sourcecode.swift; path = AppDelegate.swift; sourceTree = "<group>"; };
		CC7046D91F995ED90083941A /* Base */ = {isa = PBXFileReference; lastKnownFileType = file.storyboard; name = Base; path = Base.lproj/Main.storyboard; sourceTree = "<group>"; };
		CC7046DB1F995ED90083941A /* Assets.xcassets */ = {isa = PBXFileReference; lastKnownFileType = folder.assetcatalog; path = Assets.xcassets; sourceTree = "<group>"; };
		CC7046DE1F995ED90083941A /* Base */ = {isa = PBXFileReference; lastKnownFileType = file.storyboard; name = Base; path = Base.lproj/LaunchScreen.storyboard; sourceTree = "<group>"; };
		CC7046E01F995ED90083941A /* Info.plist */ = {isa = PBXFileReference; lastKnownFileType = text.plist.xml; path = Info.plist; sourceTree = "<group>"; };
		CC7046E51F995ED90083941A /* ColorsWithNavigationTests.xctest */ = {isa = PBXFileReference; explicitFileType = wrapper.cfbundle; includeInIndex = 0; path = ColorsWithNavigationTests.xctest; sourceTree = BUILT_PRODUCTS_DIR; };
		CC7046E91F995ED90083941A /* ColorsTests.swift */ = {isa = PBXFileReference; lastKnownFileType = sourcecode.swift; path = ColorsTests.swift; sourceTree = "<group>"; };
		CC7046EB1F995ED90083941A /* Info.plist */ = {isa = PBXFileReference; lastKnownFileType = text.plist.xml; path = Info.plist; sourceTree = "<group>"; };
		CC7046F01F995ED90083941A /* ColorsWithNavigationUITests.xctest */ = {isa = PBXFileReference; explicitFileType = wrapper.cfbundle; includeInIndex = 0; path = ColorsWithNavigationUITests.xctest; sourceTree = BUILT_PRODUCTS_DIR; };
		CC7046F41F995ED90083941A /* ColorsUITests.swift */ = {isa = PBXFileReference; lastKnownFileType = sourcecode.swift; path = ColorsUITests.swift; sourceTree = "<group>"; };
		CC7046F61F995ED90083941A /* Info.plist */ = {isa = PBXFileReference; lastKnownFileType = text.plist.xml; path = Info.plist; sourceTree = "<group>"; };
		CC7047021F9AB6D90083941A /* ColorsViewController.swift */ = {isa = PBXFileReference; fileEncoding = 4; lastKnownFileType = sourcecode.swift; path = ColorsViewController.swift; sourceTree = "<group>"; };
		CC7047041FA3F0E90083941A /* ColorDetailViewController.swift */ = {isa = PBXFileReference; fileEncoding = 4; lastKnownFileType = sourcecode.swift; path = ColorDetailViewController.swift; sourceTree = "<group>"; };
		CC7047061FA3F1D20083941A /* Color.swift */ = {isa = PBXFileReference; fileEncoding = 4; lastKnownFileType = sourcecode.swift; path = Color.swift; sourceTree = "<group>"; };
/* End PBXFileReference section */

/* Begin PBXFrameworksBuildPhase section */
		CC7046CE1F995ED90083941A /* Frameworks */ = {
			isa = PBXFrameworksBuildPhase;
			buildActionMask = 2147483647;
			files = (
			);
			runOnlyForDeploymentPostprocessing = 0;
		};
		CC7046E21F995ED90083941A /* Frameworks */ = {
			isa = PBXFrameworksBuildPhase;
			buildActionMask = 2147483647;
			files = (
			);
			runOnlyForDeploymentPostprocessing = 0;
		};
		CC7046ED1F995ED90083941A /* Frameworks */ = {
			isa = PBXFrameworksBuildPhase;
			buildActionMask = 2147483647;
			files = (
			);
			runOnlyForDeploymentPostprocessing = 0;
		};
/* End PBXFrameworksBuildPhase section */

/* Begin PBXGroup section */
		CC7046C81F995ED90083941A = {
			isa = PBXGroup;
			children = (
				CC7046D31F995ED90083941A /* Colors */,
				CC7046E81F995ED90083941A /* ColorsTests */,
				CC7046F31F995ED90083941A /* ColorsUITests */,
				CC7046D21F995ED90083941A /* Products */,
			);
			sourceTree = "<group>";
		};
		CC7046D21F995ED90083941A /* Products */ = {
			isa = PBXGroup;
			children = (
				CC7046D11F995ED90083941A /* ColorsWithNavigation.app */,
				CC7046E51F995ED90083941A /* ColorsWithNavigationTests.xctest */,
				CC7046F01F995ED90083941A /* ColorsWithNavigationUITests.xctest */,
			);
			name = Products;
			sourceTree = "<group>";
		};
		CC7046D31F995ED90083941A /* Colors */ = {
			isa = PBXGroup;
			children = (
				CC7046D41F995ED90083941A /* AppDelegate.swift */,
				CC7046D81F995ED90083941A /* Main.storyboard */,
				CC7047021F9AB6D90083941A /* ColorsViewController.swift */,
				CC7046DB1F995ED90083941A /* Assets.xcassets */,
				CC7046DD1F995ED90083941A /* LaunchScreen.storyboard */,
				CC7046E01F995ED90083941A /* Info.plist */,
				CC7047041FA3F0E90083941A /* ColorDetailViewController.swift */,
				CC7047061FA3F1D20083941A /* Color.swift */,
			);
			path = Colors;
			sourceTree = "<group>";
		};
		CC7046E81F995ED90083941A /* ColorsTests */ = {
			isa = PBXGroup;
			children = (
				CC7046E91F995ED90083941A /* ColorsTests.swift */,
				CC7046EB1F995ED90083941A /* Info.plist */,
			);
			path = ColorsTests;
			sourceTree = "<group>";
		};
		CC7046F31F995ED90083941A /* ColorsUITests */ = {
			isa = PBXGroup;
			children = (
				CC7046F41F995ED90083941A /* ColorsUITests.swift */,
				CC7046F61F995ED90083941A /* Info.plist */,
			);
			path = ColorsUITests;
			sourceTree = "<group>";
		};
/* End PBXGroup section */

/* Begin PBXNativeTarget section */
		CC7046D01F995ED90083941A /* ColorsWithNavigation */ = {
			isa = PBXNativeTarget;
			buildConfigurationList = CC7046F91F995ED90083941A /* Build configuration list for PBXNativeTarget "ColorsWithNavigation" */;
			buildPhases = (
				CC7046CD1F995ED90083941A /* Sources */,
				CC7046CE1F995ED90083941A /* Frameworks */,
				CC7046CF1F995ED90083941A /* Resources */,
			);
			buildRules = (
			);
			dependencies = (
			);
			name = ColorsWithNavigation;
			productName = Colors;
			productReference = CC7046D11F995ED90083941A /* ColorsWithNavigation.app */;
			productType = "com.apple.product-type.application";
		};
		CC7046E41F995ED90083941A /* ColorsWithNavigationTests */ = {
			isa = PBXNativeTarget;
			buildConfigurationList = CC7046FC1F995ED90083941A /* Build configuration list for PBXNativeTarget "ColorsWithNavigationTests" */;
			buildPhases = (
				CC7046E11F995ED90083941A /* Sources */,
				CC7046E21F995ED90083941A /* Frameworks */,
				CC7046E31F995ED90083941A /* Resources */,
			);
			buildRules = (
			);
			dependencies = (
				CC7046E71F995ED90083941A /* PBXTargetDependency */,
			);
			name = ColorsWithNavigationTests;
			productName = ColorsTests;
			productReference = CC7046E51F995ED90083941A /* ColorsWithNavigationTests.xctest */;
			productType = "com.apple.product-type.bundle.unit-test";
		};
		CC7046EF1F995ED90083941A /* ColorsWithNavigationUITests */ = {
			isa = PBXNativeTarget;
			buildConfigurationList = CC7046FF1F995ED90083941A /* Build configuration list for PBXNativeTarget "ColorsWithNavigationUITests" */;
			buildPhases = (
				CC7046EC1F995ED90083941A /* Sources */,
				CC7046ED1F995ED90083941A /* Frameworks */,
				CC7046EE1F995ED90083941A /* Resources */,
			);
			buildRules = (
			);
			dependencies = (
				CC7046F21F995ED90083941A /* PBXTargetDependency */,
			);
			name = ColorsWithNavigationUITests;
			productName = ColorsUITests;
			productReference = CC7046F01F995ED90083941A /* ColorsWithNavigationUITests.xctest */;
			productType = "com.apple.product-type.bundle.ui-testing";
		};
/* End PBXNativeTarget section */

/* Begin PBXProject section */
		CC7046C91F995ED90083941A /* Project object */ = {
			isa = PBXProject;
			attributes = {
				LastSwiftUpdateCheck = 0830;
				LastUpgradeCheck = 0830;
				ORGANIZATIONNAME = "Kean M";
				TargetAttributes = {
					CC7046D01F995ED90083941A = {
						CreatedOnToolsVersion = 8.3.3;
						ProvisioningStyle = Automatic;
					};
					CC7046E41F995ED90083941A = {
						CreatedOnToolsVersion = 8.3.3;
						ProvisioningStyle = Automatic;
						TestTargetID = CC7046D01F995ED90083941A;
					};
					CC7046EF1F995ED90083941A = {
						CreatedOnToolsVersion = 8.3.3;
						ProvisioningStyle = Automatic;
						TestTargetID = CC7046D01F995ED90083941A;
					};
				};
			};
			buildConfigurationList = CC7046CC1F995ED90083941A /* Build configuration list for PBXProject "ColorsWithNavigation" */;
			compatibilityVersion = "Xcode 3.2";
			developmentRegion = English;
			hasScannedForEncodings = 0;
			knownRegions = (
				en,
				Base,
			);
			mainGroup = CC7046C81F995ED90083941A;
			productRefGroup = CC7046D21F995ED90083941A /* Products */;
			projectDirPath = "";
			projectRoot = "";
			targets = (
				CC7046D01F995ED90083941A /* ColorsWithNavigation */,
				CC7046E41F995ED90083941A /* ColorsWithNavigationTests */,
				CC7046EF1F995ED90083941A /* ColorsWithNavigationUITests */,
			);
		};
/* End PBXProject section */

/* Begin PBXResourcesBuildPhase section */
		CC7046CF1F995ED90083941A /* Resources */ = {
			isa = PBXResourcesBuildPhase;
			buildActionMask = 2147483647;
			files = (
				CC7046DF1F995ED90083941A /* LaunchScreen.storyboard in Resources */,
				CC7046DC1F995ED90083941A /* Assets.xcassets in Resources */,
				CC7046DA1F995ED90083941A /* Main.storyboard in Resources */,
			);
			runOnlyForDeploymentPostprocessing = 0;
		};
		CC7046E31F995ED90083941A /* Resources */ = {
			isa = PBXResourcesBuildPhase;
			buildActionMask = 2147483647;
			files = (
			);
			runOnlyForDeploymentPostprocessing = 0;
		};
		CC7046EE1F995ED90083941A /* Resources */ = {
			isa = PBXResourcesBuildPhase;
			buildActionMask = 2147483647;
			files = (
			);
			runOnlyForDeploymentPostprocessing = 0;
		};
/* End PBXResourcesBuildPhase section */

/* Begin PBXSourcesBuildPhase section */
		CC7046CD1F995ED90083941A /* Sources */ = {
			isa = PBXSourcesBuildPhase;
			buildActionMask = 2147483647;
			files = (
				CC7047071FA3F1D20083941A /* Color.swift in Sources */,
				CC7047031F9AB6D90083941A /* ColorsViewController.swift in Sources */,
				CC7046D51F995ED90083941A /* AppDelegate.swift in Sources */,
			);
			runOnlyForDeploymentPostprocessing = 0;
		};
		CC7046E11F995ED90083941A /* Sources */ = {
			isa = PBXSourcesBuildPhase;
			buildActionMask = 2147483647;
			files = (
				CC7046EA1F995ED90083941A /* ColorsTests.swift in Sources */,
			);
			runOnlyForDeploymentPostprocessing = 0;
		};
		CC7046EC1F995ED90083941A /* Sources */ = {
			isa = PBXSourcesBuildPhase;
			buildActionMask = 2147483647;
			files = (
				CC7046F51F995ED90083941A /* ColorsUITests.swift in Sources */,
			);
			runOnlyForDeploymentPostprocessing = 0;
		};
/* End PBXSourcesBuildPhase section */

/* Begin PBXTargetDependency section */
		CC7046E71F995ED90083941A /* PBXTargetDependency */ = {
			isa = PBXTargetDependency;
			target = CC7046D01F995ED90083941A /* ColorsWithNavigation */;
			targetProxy = CC7046E61F995ED90083941A /* PBXContainerItemProxy */;
		};
		CC7046F21F995ED90083941A /* PBXTargetDependency */ = {
			isa = PBXTargetDependency;
			target = CC7046D01F995ED90083941A /* ColorsWithNavigation */;
			targetProxy = CC7046F11F995ED90083941A /* PBXContainerItemProxy */;
		};
/* End PBXTargetDependency section */

/* Begin PBXVariantGroup section */
		CC7046D81F995ED90083941A /* Main.storyboard */ = {
			isa = PBXVariantGroup;
			children = (
				CC7046D91F995ED90083941A /* Base */,
			);
			name = Main.storyboard;
			sourceTree = "<group>";
		};
		CC7046DD1F995ED90083941A /* LaunchScreen.storyboard */ = {
			isa = PBXVariantGroup;
			children = (
				CC7046DE1F995ED90083941A /* Base */,
			);
			name = LaunchScreen.storyboard;
			sourceTree = "<group>";
		};
/* End PBXVariantGroup section */

/* Begin XCBuildConfiguration section */
		CC7046F71F995ED90083941A /* Debug */ = {
			isa = XCBuildConfiguration;
			buildSettings = {
				ALWAYS_SEARCH_USER_PATHS = NO;
				CLANG_ANALYZER_NONNULL = YES;
				CLANG_ANALYZER_NUMBER_OBJECT_CONVERSION = YES_AGGRESSIVE;
				CLANG_CXX_LANGUAGE_STANDARD = "gnu++0x";
				CLANG_CXX_LIBRARY = "libc++";
				CLANG_ENABLE_MODULES = YES;
				CLANG_ENABLE_OBJC_ARC = YES;
				CLANG_WARN_BOOL_CONVERSION = YES;
				CLANG_WARN_CONSTANT_CONVERSION = YES;
				CLANG_WARN_DIRECT_OBJC_ISA_USAGE = YES_ERROR;
				CLANG_WARN_DOCUMENTATION_COMMENTS = YES;
				CLANG_WARN_EMPTY_BODY = YES;
				CLANG_WARN_ENUM_CONVERSION = YES;
				CLANG_WARN_INFINITE_RECURSION = YES;
				CLANG_WARN_INT_CONVERSION = YES;
				CLANG_WARN_OBJC_ROOT_CLASS = YES_ERROR;
				CLANG_WARN_SUSPICIOUS_MOVE = YES;
				CLANG_WARN_UNREACHABLE_CODE = YES;
				CLANG_WARN__DUPLICATE_METHOD_MATCH = YES;
				"CODE_SIGN_IDENTITY[sdk=iphoneos*]" = "iPhone Developer";
				COPY_PHASE_STRIP = NO;
				DEBUG_INFORMATION_FORMAT = dwarf;
				ENABLE_STRICT_OBJC_MSGSEND = YES;
				ENABLE_TESTABILITY = YES;
				GCC_C_LANGUAGE_STANDARD = gnu99;
				GCC_DYNAMIC_NO_PIC = NO;
				GCC_NO_COMMON_BLOCKS = YES;
				GCC_OPTIMIZATION_LEVEL = 0;
				GCC_PREPROCESSOR_DEFINITIONS = (
					"DEBUG=1",
					"$(inherited)",
				);
				GCC_WARN_64_TO_32_BIT_CONVERSION = YES;
				GCC_WARN_ABOUT_RETURN_TYPE = YES_ERROR;
				GCC_WARN_UNDECLARED_SELECTOR = YES;
				GCC_WARN_UNINITIALIZED_AUTOS = YES_AGGRESSIVE;
				GCC_WARN_UNUSED_FUNCTION = YES;
				GCC_WARN_UNUSED_VARIABLE = YES;
				IPHONEOS_DEPLOYMENT_TARGET = 10.3;
				MTL_ENABLE_DEBUG_INFO = YES;
				ONLY_ACTIVE_ARCH = YES;
				SDKROOT = iphoneos;
				SWIFT_ACTIVE_COMPILATION_CONDITIONS = DEBUG;
				SWIFT_OPTIMIZATION_LEVEL = "-Onone";
				TARGETED_DEVICE_FAMILY = "1,2";
			};
			name = Debug;
		};
		CC7046F81F995ED90083941A /* Release */ = {
			isa = XCBuildConfiguration;
			buildSettings = {
				ALWAYS_SEARCH_USER_PATHS = NO;
				CLANG_ANALYZER_NONNULL = YES;
				CLANG_ANALYZER_NUMBER_OBJECT_CONVERSION = YES_AGGRESSIVE;
				CLANG_CXX_LANGUAGE_STANDARD = "gnu++0x";
				CLANG_CXX_LIBRARY = "libc++";
				CLANG_ENABLE_MODULES = YES;
				CLANG_ENABLE_OBJC_ARC = YES;
				CLANG_WARN_BOOL_CONVERSION = YES;
				CLANG_WARN_CONSTANT_CONVERSION = YES;
				CLANG_WARN_DIRECT_OBJC_ISA_USAGE = YES_ERROR;
				CLANG_WARN_DOCUMENTATION_COMMENTS = YES;
				CLANG_WARN_EMPTY_BODY = YES;
				CLANG_WARN_ENUM_CONVERSION = YES;
				CLANG_WARN_INFINITE_RECURSION = YES;
				CLANG_WARN_INT_CONVERSION = YES;
				CLANG_WARN_OBJC_ROOT_CLASS = YES_ERROR;
				CLANG_WARN_SUSPICIOUS_MOVE = YES;
				CLANG_WARN_UNREACHABLE_CODE = YES;
				CLANG_WARN__DUPLICATE_METHOD_MATCH = YES;
				"CODE_SIGN_IDENTITY[sdk=iphoneos*]" = "iPhone Developer";
				COPY_PHASE_STRIP = NO;
				DEBUG_INFORMATION_FORMAT = "dwarf-with-dsym";
				ENABLE_NS_ASSERTIONS = NO;
				ENABLE_STRICT_OBJC_MSGSEND = YES;
				GCC_C_LANGUAGE_STANDARD = gnu99;
				GCC_NO_COMMON_BLOCKS = YES;
				GCC_WARN_64_TO_32_BIT_CONVERSION = YES;
				GCC_WARN_ABOUT_RETURN_TYPE = YES_ERROR;
				GCC_WARN_UNDECLARED_SELECTOR = YES;
				GCC_WARN_UNINITIALIZED_AUTOS = YES_AGGRESSIVE;
				GCC_WARN_UNUSED_FUNCTION = YES;
				GCC_WARN_UNUSED_VARIABLE = YES;
				IPHONEOS_DEPLOYMENT_TARGET = 10.3;
				MTL_ENABLE_DEBUG_INFO = NO;
				SDKROOT = iphoneos;
				SWIFT_OPTIMIZATION_LEVEL = "-Owholemodule";
				TARGETED_DEVICE_FAMILY = "1,2";
				VALIDATE_PRODUCT = YES;
			};
			name = Release;
		};
		CC7046FA1F995ED90083941A /* Debug */ = {
			isa = XCBuildConfiguration;
			buildSettings = {
				ASSETCATALOG_COMPILER_APPICON_NAME = AppIcon;
				INFOPLIST_FILE = Colors/Info.plist;
				LD_RUNPATH_SEARCH_PATHS = "$(inherited) @executable_path/Frameworks";
				PRODUCT_BUNDLE_IDENTIFIER = Kean.Colors;
				PRODUCT_NAME = "$(TARGET_NAME)";
				SWIFT_VERSION = 3.0;
			};
			name = Debug;
		};
		CC7046FB1F995ED90083941A /* Release */ = {
			isa = XCBuildConfiguration;
			buildSettings = {
				ASSETCATALOG_COMPILER_APPICON_NAME = AppIcon;
				INFOPLIST_FILE = Colors/Info.plist;
				LD_RUNPATH_SEARCH_PATHS = "$(inherited) @executable_path/Frameworks";
				PRODUCT_BUNDLE_IDENTIFIER = Kean.Colors;
				PRODUCT_NAME = "$(TARGET_NAME)";
				SWIFT_VERSION = 3.0;
			};
			name = Release;
		};
		CC7046FD1F995ED90083941A /* Debug */ = {
			isa = XCBuildConfiguration;
			buildSettings = {
				ALWAYS_EMBED_SWIFT_STANDARD_LIBRARIES = YES;
				BUNDLE_LOADER = "$(TEST_HOST)";
				INFOPLIST_FILE = ColorsTests/Info.plist;
				LD_RUNPATH_SEARCH_PATHS = "$(inherited) @executable_path/Frameworks @loader_path/Frameworks";
				PRODUCT_BUNDLE_IDENTIFIER = Kean.ColorsTests;
				PRODUCT_NAME = "$(TARGET_NAME)";
				SWIFT_VERSION = 3.0;
				TEST_HOST = "$(BUILT_PRODUCTS_DIR)/ColorsWithNavigation.app/ColorsWithNavigation";
			};
			name = Debug;
		};
		CC7046FE1F995ED90083941A /* Release */ = {
			isa = XCBuildConfiguration;
			buildSettings = {
				ALWAYS_EMBED_SWIFT_STANDARD_LIBRARIES = YES;
				BUNDLE_LOADER = "$(TEST_HOST)";
				INFOPLIST_FILE = ColorsTests/Info.plist;
				LD_RUNPATH_SEARCH_PATHS = "$(inherited) @executable_path/Frameworks @loader_path/Frameworks";
				PRODUCT_BUNDLE_IDENTIFIER = Kean.ColorsTests;
				PRODUCT_NAME = "$(TARGET_NAME)";
				SWIFT_VERSION = 3.0;
				TEST_HOST = "$(BUILT_PRODUCTS_DIR)/ColorsWithNavigation.app/ColorsWithNavigation";
			};
			name = Release;
		};
		CC7047001F995ED90083941A /* Debug */ = {
			isa = XCBuildConfiguration;
			buildSettings = {
				ALWAYS_EMBED_SWIFT_STANDARD_LIBRARIES = YES;
				INFOPLIST_FILE = ColorsUITests/Info.plist;
				LD_RUNPATH_SEARCH_PATHS = "$(inherited) @executable_path/Frameworks @loader_path/Frameworks";
				PRODUCT_BUNDLE_IDENTIFIER = Kean.ColorsUITests;
				PRODUCT_NAME = "$(TARGET_NAME)";
				SWIFT_VERSION = 3.0;
				TEST_TARGET_NAME = Colors;
			};
			name = Debug;
		};
		CC7047011F995ED90083941A /* Release */ = {
			isa = XCBuildConfiguration;
			buildSettings = {
				ALWAYS_EMBED_SWIFT_STANDARD_LIBRARIES = YES;
				INFOPLIST_FILE = ColorsUITests/Info.plist;
				LD_RUNPATH_SEARCH_PATHS = "$(inherited) @executable_path/Frameworks @loader_path/Frameworks";
				PRODUCT_BUNDLE_IDENTIFIER = Kean.ColorsUITests;
				PRODUCT_NAME = "$(TARGET_NAME)";
				SWIFT_VERSION = 3.0;
				TEST_TARGET_NAME = Colors;
			};
			name = Release;
		};
/* End XCBuildConfiguration section */

/* Begin XCConfigurationList section */
		CC7046CC1F995ED90083941A /* Build configuration list for PBXProject "ColorsWithNavigation" */ = {
			isa = XCConfigurationList;
			buildConfigurations = (
				CC7046F71F995ED90083941A /* Debug */,
				CC7046F81F995ED90083941A /* Release */,
			);
			defaultConfigurationIsVisible = 0;
			defaultConfigurationName = Release;
		};
		CC7046F91F995ED90083941A /* Build configuration list for PBXNativeTarget "ColorsWithNavigation" */ = {
			isa = XCConfigurationList;
			buildConfigurations = (
				CC7046FA1F995ED90083941A /* Debug */,
				CC7046FB1F995ED90083941A /* Release */,
			);
			defaultConfigurationIsVisible = 0;
			defaultConfigurationName = Release;
		};
		CC7046FC1F995ED90083941A /* Build configuration list for PBXNativeTarget "ColorsWithNavigationTests" */ = {
			isa = XCConfigurationList;
			buildConfigurations = (
				CC7046FD1F995ED90083941A /* Debug */,
				CC7046FE1F995ED90083941A /* Release */,
			);
			defaultConfigurationIsVisible = 0;
			defaultConfigurationName = Release;
		};
		CC7046FF1F995ED90083941A /* Build configuration list for PBXNativeTarget "ColorsWithNavigationUITests" */ = {
			isa = XCConfigurationList;
			buildConfigurations = (
				CC7047001F995ED90083941A /* Debug */,
				CC7047011F995ED90083941A /* Release */,
			);
			defaultConfigurationIsVisible = 0;
			defaultConfigurationName = Release;
		};
/* End XCConfigurationList section */
	};
	rootObject = CC7046C91F995ED90083941A /* Project object */;
}
